// !$*UTF8*$!
{
	archiveVersion = 1;
	classes = {
	};
	objectVersion = 50;
	objects = {

/* Begin PBXBuildFile section */
		B728C746262875AD00EB6C32 /* NewsFeedApp.swift in Sources */ = {isa = PBXBuildFile; fileRef = B728C745262875AD00EB6C32 /* NewsFeedApp.swift */; };
		B728C748262875AD00EB6C32 /* ContentView.swift in Sources */ = {isa = PBXBuildFile; fileRef = B728C747262875AD00EB6C32 /* ContentView.swift */; };
		B728C74A262875B100EB6C32 /* Assets.xcassets in Resources */ = {isa = PBXBuildFile; fileRef = B728C749262875B100EB6C32 /* Assets.xcassets */; };
		B728C74D262875B100EB6C32 /* Preview Assets.xcassets in Resources */ = {isa = PBXBuildFile; fileRef = B728C74C262875B100EB6C32 /* Preview Assets.xcassets */; };
		B728C7582628765400EB6C32 /* shared.framework in Frameworks */ = {isa = PBXBuildFile; fileRef = B728C7572628765400EB6C32 /* shared.framework */; };
		B728C7592628765400EB6C32 /* shared.framework in Embed Frameworks */ = {isa = PBXBuildFile; fileRef = B728C7572628765400EB6C32 /* shared.framework */; settings = {ATTRIBUTES = (CodeSignOnCopy, RemoveHeadersOnCopy, ); }; };
		B77599A0262ED89000FC30C9 /* ViewModel.swift in Sources */ = {isa = PBXBuildFile; fileRef = B775999F262ED89000FC30C9 /* ViewModel.swift */; };
		B77599A2262EDD2F00FC30C9 /* NewsFeedRow.swift in Sources */ = {isa = PBXBuildFile; fileRef = B77599A1262EDD2F00FC30C9 /* NewsFeedRow.swift */; };
		B77599A5262EE03500FC30C9 /* ImageView.swift in Sources */ = {isa = PBXBuildFile; fileRef = B77599A4262EE03500FC30C9 /* ImageView.swift */; };
		B77599A7262EE28E00FC30C9 /* NewsItemView.swift in Sources */ = {isa = PBXBuildFile; fileRef = B77599A6262EE28E00FC30C9 /* NewsItemView.swift */; };
		B77599AB262EFE3100FC30C9 /* WebView.swift in Sources */ = {isa = PBXBuildFile; fileRef = B77599AA262EFE3100FC30C9 /* WebView.swift */; };
/* End PBXBuildFile section */

/* Begin PBXCopyFilesBuildPhase section */
		B728C75A2628765400EB6C32 /* Embed Frameworks */ = {
			isa = PBXCopyFilesBuildPhase;
			buildActionMask = 2147483647;
			dstPath = "";
			dstSubfolderSpec = 10;
			files = (
				B728C7592628765400EB6C32 /* shared.framework in Embed Frameworks */,
			);
			name = "Embed Frameworks";
			runOnlyForDeploymentPostprocessing = 0;
		};
/* End PBXCopyFilesBuildPhase section */

/* Begin PBXFileReference section */
		B728C742262875AD00EB6C32 /* NewsFeed.app */ = {isa = PBXFileReference; explicitFileType = wrapper.application; includeInIndex = 0; path = NewsFeed.app; sourceTree = BUILT_PRODUCTS_DIR; };
		B728C745262875AD00EB6C32 /* NewsFeedApp.swift */ = {isa = PBXFileReference; lastKnownFileType = sourcecode.swift; path = NewsFeedApp.swift; sourceTree = "<group>"; };
		B728C747262875AD00EB6C32 /* ContentView.swift */ = {isa = PBXFileReference; lastKnownFileType = sourcecode.swift; path = ContentView.swift; sourceTree = "<group>"; };
		B728C749262875B100EB6C32 /* Assets.xcassets */ = {isa = PBXFileReference; lastKnownFileType = folder.assetcatalog; path = Assets.xcassets; sourceTree = "<group>"; };
		B728C74C262875B100EB6C32 /* Preview Assets.xcassets */ = {isa = PBXFileReference; lastKnownFileType = folder.assetcatalog; path = "Preview Assets.xcassets"; sourceTree = "<group>"; };
		B728C74E262875B100EB6C32 /* Info.plist */ = {isa = PBXFileReference; lastKnownFileType = text.plist.xml; path = Info.plist; sourceTree = "<group>"; };
		B728C7572628765400EB6C32 /* shared.framework */ = {isa = PBXFileReference; lastKnownFileType = wrapper.framework; name = shared.framework; path = "../shared/build/xcode-frameworks/shared.framework"; sourceTree = "<group>"; };
		B775999F262ED89000FC30C9 /* ViewModel.swift */ = {isa = PBXFileReference; lastKnownFileType = sourcecode.swift; path = ViewModel.swift; sourceTree = "<group>"; };
		B77599A1262EDD2F00FC30C9 /* NewsFeedRow.swift */ = {isa = PBXFileReference; lastKnownFileType = sourcecode.swift; path = NewsFeedRow.swift; sourceTree = "<group>"; };
		B77599A4262EE03500FC30C9 /* ImageView.swift */ = {isa = PBXFileReference; lastKnownFileType = sourcecode.swift; path = ImageView.swift; sourceTree = "<group>"; };
		B77599A6262EE28E00FC30C9 /* NewsItemView.swift */ = {isa = PBXFileReference; lastKnownFileType = sourcecode.swift; path = NewsItemView.swift; sourceTree = "<group>"; };
		B77599AA262EFE3100FC30C9 /* WebView.swift */ = {isa = PBXFileReference; lastKnownFileType = sourcecode.swift; path = WebView.swift; sourceTree = "<group>"; };
/* End PBXFileReference section */

/* Begin PBXFrameworksBuildPhase section */
		B728C73F262875AD00EB6C32 /* Frameworks */ = {
			isa = PBXFrameworksBuildPhase;
			buildActionMask = 2147483647;
			files = (
				B728C7582628765400EB6C32 /* shared.framework in Frameworks */,
			);
			runOnlyForDeploymentPostprocessing = 0;
		};
/* End PBXFrameworksBuildPhase section */

/* Begin PBXGroup section */
		B728C739262875AD00EB6C32 = {
			isa = PBXGroup;
			children = (
				B728C744262875AD00EB6C32 /* NewsFeed */,
				B728C743262875AD00EB6C32 /* Products */,
				B728C7562628765400EB6C32 /* Frameworks */,
			);
			sourceTree = "<group>";
		};
		B728C743262875AD00EB6C32 /* Products */ = {
			isa = PBXGroup;
			children = (
				B728C742262875AD00EB6C32 /* NewsFeed.app */,
			);
			name = Products;
			sourceTree = "<group>";
		};
		B728C744262875AD00EB6C32 /* NewsFeed */ = {
			isa = PBXGroup;
			children = (
				B77599A3262EE01400FC30C9 /* Utils */,
				B728C745262875AD00EB6C32 /* NewsFeedApp.swift */,
				B728C747262875AD00EB6C32 /* ContentView.swift */,
				B728C749262875B100EB6C32 /* Assets.xcassets */,
				B728C74E262875B100EB6C32 /* Info.plist */,
				B728C74B262875B100EB6C32 /* Preview Content */,
				B775999F262ED89000FC30C9 /* ViewModel.swift */,
				B77599A1262EDD2F00FC30C9 /* NewsFeedRow.swift */,
				B77599A6262EE28E00FC30C9 /* NewsItemView.swift */,
				B77599AA262EFE3100FC30C9 /* WebView.swift */,
			);
			path = NewsFeed;
			sourceTree = "<group>";
		};
		B728C74B262875B100EB6C32 /* Preview Content */ = {
			isa = PBXGroup;
			children = (
				B728C74C262875B100EB6C32 /* Preview Assets.xcassets */,
			);
			path = "Preview Content";
			sourceTree = "<group>";
		};
		B728C7562628765400EB6C32 /* Frameworks */ = {
			isa = PBXGroup;
			children = (
				B728C7572628765400EB6C32 /* shared.framework */,
			);
			name = Frameworks;
			sourceTree = "<group>";
		};
		B77599A3262EE01400FC30C9 /* Utils */ = {
			isa = PBXGroup;
			children = (
				B77599A4262EE03500FC30C9 /* ImageView.swift */,
			);
			path = Utils;
			sourceTree = "<group>";
		};
/* End PBXGroup section */

/* Begin PBXNativeTarget section */
		B728C741262875AD00EB6C32 /* NewsFeed */ = {
			isa = PBXNativeTarget;
			buildConfigurationList = B728C751262875B100EB6C32 /* Build configuration list for PBXNativeTarget "NewsFeed" */;
			buildPhases = (
				B728C75B262876D700EB6C32 /* ShellScript */,
				B728C73E262875AD00EB6C32 /* Sources */,
				B728C73F262875AD00EB6C32 /* Frameworks */,
				B728C740262875AD00EB6C32 /* Resources */,
				B728C75A2628765400EB6C32 /* Embed Frameworks */,
			);
			buildRules = (
			);
			dependencies = (
			);
			name = NewsFeed;
			productName = NewsFeed;
			productReference = B728C742262875AD00EB6C32 /* NewsFeed.app */;
			productType = "com.apple.product-type.application";
		};
/* End PBXNativeTarget section */

/* Begin PBXProject section */
		B728C73A262875AD00EB6C32 /* Project object */ = {
			isa = PBXProject;
			attributes = {
				LastSwiftUpdateCheck = 1240;
				LastUpgradeCheck = 1240;
				TargetAttributes = {
					B728C741262875AD00EB6C32 = {
						CreatedOnToolsVersion = 12.4;
					};
				};
			};
			buildConfigurationList = B728C73D262875AD00EB6C32 /* Build configuration list for PBXProject "NewsFeed" */;
			compatibilityVersion = "Xcode 9.3";
			developmentRegion = en;
			hasScannedForEncodings = 0;
			knownRegions = (
				en,
				Base,
			);
			mainGroup = B728C739262875AD00EB6C32;
			productRefGroup = B728C743262875AD00EB6C32 /* Products */;
			projectDirPath = "";
			projectRoot = "";
			targets = (
				B728C741262875AD00EB6C32 /* NewsFeed */,
			);
		};
/* End PBXProject section */

/* Begin PBXResourcesBuildPhase section */
		B728C740262875AD00EB6C32 /* Resources */ = {
			isa = PBXResourcesBuildPhase;
			buildActionMask = 2147483647;
			files = (
				B728C74D262875B100EB6C32 /* Preview Assets.xcassets in Resources */,
				B728C74A262875B100EB6C32 /* Assets.xcassets in Resources */,
			);
			runOnlyForDeploymentPostprocessing = 0;
		};
/* End PBXResourcesBuildPhase section */

/* Begin PBXShellScriptBuildPhase section */
		B728C75B262876D700EB6C32 /* ShellScript */ = {
			isa = PBXShellScriptBuildPhase;
			buildActionMask = 2147483647;
			files = (
			);
			inputFileListPaths = (
			);
			inputPaths = (
			);
			outputFileListPaths = (
			);
			outputPaths = (
			);
			runOnlyForDeploymentPostprocessing = 0;
			shellPath = /bin/sh;
			shellScript = "cd \"$SRCROOT/..\"\n./gradlew :shared:packForXCode -PXCODE_CONFIGURATION=${CONFIGURATION}\n";
		};
/* End PBXShellScriptBuildPhase section */

/* Begin PBXSourcesBuildPhase section */
		B728C73E262875AD00EB6C32 /* Sources */ = {
			isa = PBXSourcesBuildPhase;
			buildActionMask = 2147483647;
			files = (
				B77599A5262EE03500FC30C9 /* ImageView.swift in Sources */,
				B77599AB262EFE3100FC30C9 /* WebView.swift in Sources */,
				B728C748262875AD00EB6C32 /* ContentView.swift in Sources */,
				B77599A7262EE28E00FC30C9 /* NewsItemView.swift in Sources */,
				B77599A2262EDD2F00FC30C9 /* NewsFeedRow.swift in Sources */,
				B77599A0262ED89000FC30C9 /* ViewModel.swift in Sources */,
				B728C746262875AD00EB6C32 /* NewsFeedApp.swift in Sources */,
			);
			runOnlyForDeploymentPostprocessing = 0;
		};
/* End PBXSourcesBuildPhase section */

/* Begin XCBuildConfiguration section */
		B728C74F262875B100EB6C32 /* Debug */ = {
			isa = XCBuildConfiguration;
			buildSettings = {
				ALWAYS_SEARCH_USER_PATHS = NO;
				CLANG_ANALYZER_NONNULL = YES;
				CLANG_ANALYZER_NUMBER_OBJECT_CONVERSION = YES_AGGRESSIVE;
				CLANG_CXX_LANGUAGE_STANDARD = "gnu++14";
				CLANG_CXX_LIBRARY = "libc++";
				CLANG_ENABLE_MODULES = YES;
				CLANG_ENABLE_OBJC_ARC = YES;
				CLANG_ENABLE_OBJC_WEAK = YES;
				CLANG_WARN_BLOCK_CAPTURE_AUTORELEASING = YES;
				CLANG_WARN_BOOL_CONVERSION = YES;
				CLANG_WARN_COMMA = YES;
				CLANG_WARN_CONSTANT_CONVERSION = YES;
				CLANG_WARN_DEPRECATED_OBJC_IMPLEMENTATIONS = YES;
				CLANG_WARN_DIRECT_OBJC_ISA_USAGE = YES_ERROR;
				CLANG_WARN_DOCUMENTATION_COMMENTS = YES;
				CLANG_WARN_EMPTY_BODY = YES;
				CLANG_WARN_ENUM_CONVERSION = YES;
				CLANG_WARN_INFINITE_RECURSION = YES;
				CLANG_WARN_INT_CONVERSION = YES;
				CLANG_WARN_NON_LITERAL_NULL_CONVERSION = YES;
				CLANG_WARN_OBJC_IMPLICIT_RETAIN_SELF = YES;
				CLANG_WARN_OBJC_LITERAL_CONVERSION = YES;
				CLANG_WARN_OBJC_ROOT_CLASS = YES_ERROR;
				CLANG_WARN_QUOTED_INCLUDE_IN_FRAMEWORK_HEADER = YES;
				CLANG_WARN_RANGE_LOOP_ANALYSIS = YES;
				CLANG_WARN_STRICT_PROTOTYPES = YES;
				CLANG_WARN_SUSPICIOUS_MOVE = YES;
				CLANG_WARN_UNGUARDED_AVAILABILITY = YES_AGGRESSIVE;
				CLANG_WARN_UNREACHABLE_CODE = YES;
				CLANG_WARN__DUPLICATE_METHOD_MATCH = YES;
				COPY_PHASE_STRIP = NO;
				DEBUG_INFORMATION_FORMAT = dwarf;
				ENABLE_STRICT_OBJC_MSGSEND = YES;
				ENABLE_TESTABILITY = YES;
				GCC_C_LANGUAGE_STANDARD = gnu11;
				GCC_DYNAMIC_NO_PIC = NO;
				GCC_NO_COMMON_BLOCKS = YES;
				GCC_OPTIMIZATION_LEVEL = 0;
				GCC_PREPROCESSOR_DEFINITIONS = (
					"DEBUG=1",
					"$(inherited)",
				);
				GCC_WARN_64_TO_32_BIT_CONVERSION = YES;
				GCC_WARN_ABOUT_RETURN_TYPE = YES_ERROR;
				GCC_WARN_UNDECLARED_SELECTOR = YES;
				GCC_WARN_UNINITIALIZED_AUTOS = YES_AGGRESSIVE;
				GCC_WARN_UNUSED_FUNCTION = YES;
				GCC_WARN_UNUSED_VARIABLE = YES;
				IPHONEOS_DEPLOYMENT_TARGET = 14.4;
				MTL_ENABLE_DEBUG_INFO = INCLUDE_SOURCE;
				MTL_FAST_MATH = YES;
				ONLY_ACTIVE_ARCH = YES;
				SDKROOT = iphoneos;
				SWIFT_ACTIVE_COMPILATION_CONDITIONS = DEBUG;
				SWIFT_OPTIMIZATION_LEVEL = "-Onone";
			};
			name = Debug;
		};
		B728C750262875B100EB6C32 /* Release */ = {
			isa = XCBuildConfiguration;
			buildSettings = {
				ALWAYS_SEARCH_USER_PATHS = NO;
				CLANG_ANALYZER_NONNULL = YES;
				CLANG_ANALYZER_NUMBER_OBJECT_CONVERSION = YES_AGGRESSIVE;
				CLANG_CXX_LANGUAGE_STANDARD = "gnu++14";
				CLANG_CXX_LIBRARY = "libc++";
				CLANG_ENABLE_MODULES = YES;
				CLANG_ENABLE_OBJC_ARC = YES;
				CLANG_ENABLE_OBJC_WEAK = YES;
				CLANG_WARN_BLOCK_CAPTURE_AUTORELEASING = YES;
				CLANG_WARN_BOOL_CONVERSION = YES;
				CLANG_WARN_COMMA = YES;
				CLANG_WARN_CONSTANT_CONVERSION = YES;
				CLANG_WARN_DEPRECATED_OBJC_IMPLEMENTATIONS = YES;
				CLANG_WARN_DIRECT_OBJC_ISA_USAGE = YES_ERROR;
				CLANG_WARN_DOCUMENTATION_COMMENTS = YES;
				CLANG_WARN_EMPTY_BODY = YES;
				CLANG_WARN_ENUM_CONVERSION = YES;
				CLANG_WARN_INFINITE_RECURSION = YES;
				CLANG_WARN_INT_CONVERSION = YES;
				CLANG_WARN_NON_LITERAL_NULL_CONVERSION = YES;
				CLANG_WARN_OBJC_IMPLICIT_RETAIN_SELF = YES;
				CLANG_WARN_OBJC_LITERAL_CONVERSION = YES;
				CLANG_WARN_OBJC_ROOT_CLASS = YES_ERROR;
				CLANG_WARN_QUOTED_INCLUDE_IN_FRAMEWORK_HEADER = YES;
				CLANG_WARN_RANGE_LOOP_ANALYSIS = YES;
				CLANG_WARN_STRICT_PROTOTYPES = YES;
				CLANG_WARN_SUSPICIOUS_MOVE = YES;
				CLANG_WARN_UNGUARDED_AVAILABILITY = YES_AGGRESSIVE;
				CLANG_WARN_UNREACHABLE_CODE = YES;
				CLANG_WARN__DUPLICATE_METHOD_MATCH = YES;
				COPY_PHASE_STRIP = NO;
				DEBUG_INFORMATION_FORMAT = "dwarf-with-dsym";
				ENABLE_NS_ASSERTIONS = NO;
				ENABLE_STRICT_OBJC_MSGSEND = YES;
				GCC_C_LANGUAGE_STANDARD = gnu11;
				GCC_NO_COMMON_BLOCKS = YES;
				GCC_WARN_64_TO_32_BIT_CONVERSION = YES;
				GCC_WARN_ABOUT_RETURN_TYPE = YES_ERROR;
				GCC_WARN_UNDECLARED_SELECTOR = YES;
				GCC_WARN_UNINITIALIZED_AUTOS = YES_AGGRESSIVE;
				GCC_WARN_UNUSED_FUNCTION = YES;
				GCC_WARN_UNUSED_VARIABLE = YES;
				IPHONEOS_DEPLOYMENT_TARGET = 14.4;
				MTL_ENABLE_DEBUG_INFO = NO;
				MTL_FAST_MATH = YES;
				SDKROOT = iphoneos;
				SWIFT_COMPILATION_MODE = wholemodule;
				SWIFT_OPTIMIZATION_LEVEL = "-O";
				VALIDATE_PRODUCT = YES;
			};
			name = Release;
		};
		B728C752262875B100EB6C32 /* Debug */ = {
			isa = XCBuildConfiguration;
			buildSettings = {
				ASSETCATALOG_COMPILER_APPICON_NAME = AppIcon;
				ASSETCATALOG_COMPILER_GLOBAL_ACCENT_COLOR_NAME = AccentColor;
				CODE_SIGN_STYLE = Automatic;
				DEVELOPMENT_ASSET_PATHS = "\"NewsFeed/Preview Content\"";
				ENABLE_PREVIEWS = YES;
				FRAMEWORK_SEARCH_PATHS = "/Users/TellerOne/AndroidStudioProjects/NewsFeed/shared/build/xcode-frameworks";
				INFOPLIST_FILE = NewsFeed/Info.plist;
				IPHONEOS_DEPLOYMENT_TARGET = 14.0;
				LD_RUNPATH_SEARCH_PATHS = (
					"$(inherited)",
					"@executable_path/Frameworks",
				);
				PRODUCT_BUNDLE_IDENTIFIER = com.martdev.NewsFeed;
				PRODUCT_NAME = "$(TARGET_NAME)";
				SWIFT_VERSION = 5.0;
				TARGETED_DEVICE_FAMILY = "1,2";
			};
			name = Debug;
		};
		B728C753262875B100EB6C32 /* Release */ = {
			isa = XCBuildConfiguration;
			buildSettings = {
				ASSETCATALOG_COMPILER_APPICON_NAME = AppIcon;
				ASSETCATALOG_COMPILER_GLOBAL_ACCENT_COLOR_NAME = AccentColor;
				CODE_SIGN_STYLE = Automatic;
				DEVELOPMENT_ASSET_PATHS = "\"NewsFeed/Preview Content\"";
				ENABLE_PREVIEWS = YES;
				FRAMEWORK_SEARCH_PATHS = "/Users/TellerOne/AndroidStudioProjects/NewsFeed/shared/build/xcode-frameworks";
				INFOPLIST_FILE = NewsFeed/Info.plist;
				IPHONEOS_DEPLOYMENT_TARGET = 14.0;
				LD_RUNPATH_SEARCH_PATHS = (
					"$(inherited)",
					"@executable_path/Frameworks",
				);
				PRODUCT_BUNDLE_IDENTIFIER = com.martdev.NewsFeed;
				PRODUCT_NAME = "$(TARGET_NAME)";
				SWIFT_VERSION = 5.0;
				TARGETED_DEVICE_FAMILY = "1,2";
			};
			name = Release;
		};
/* End XCBuildConfiguration section */

/* Begin XCConfigurationList section */
		B728C73D262875AD00EB6C32 /* Build configuration list for PBXProject "NewsFeed" */ = {
			isa = XCConfigurationList;
			buildConfigurations = (
				B728C74F262875B100EB6C32 /* Debug */,
				B728C750262875B100EB6C32 /* Release */,
			);
			defaultConfigurationIsVisible = 0;
			defaultConfigurationName = Release;
		};
		B728C751262875B100EB6C32 /* Build configuration list for PBXNativeTarget "NewsFeed" */ = {
			isa = XCConfigurationList;
			buildConfigurations = (
				B728C752262875B100EB6C32 /* Debug */,
				B728C753262875B100EB6C32 /* Release */,
			);
			defaultConfigurationIsVisible = 0;
			defaultConfigurationName = Release;
		};
/* End XCConfigurationList section */
	};
	rootObject = B728C73A262875AD00EB6C32 /* Project object */;
}
